# This is a Gradle generated file for dependency locking.
# Manual edits can break the build and are not advised.
# This file is expected to be part of source control.
antlr:antlr:2.7.7=runtimeClasspath,testRuntimeClasspath
com.fasterxml.jackson.core:jackson-annotations:2.14.3=compileClasspath,runtimeClasspath,testCompileClasspath,testRuntimeClasspath
com.fasterxml.jackson.core:jackson-core:2.14.3=compileClasspath,runtimeClasspath,testCompileClasspath,testRuntimeClasspath
com.fasterxml.jackson.core:jackson-databind:2.14.3=compileClasspath,runtimeClasspath,testCompileClasspath,testRuntimeClasspath
com.fasterxml.jackson.dataformat:jackson-dataformat-yaml:2.14.3=compileClasspath,runtimeClasspath,testCompileClasspath,testRuntimeClasspath
com.fasterxml.jackson.datatype:jackson-datatype-guava:2.14.3=compileClasspath,runtimeClasspath,testCompileClasspath,testRuntimeClasspath
com.fasterxml.jackson.datatype:jackson-datatype-jdk8:2.14.3=compileClasspath,runtimeClasspath,testCompileClasspath,testRuntimeClasspath
com.fasterxml.jackson.datatype:jackson-datatype-joda:2.14.3=compileClasspath,runtimeClasspath,testCompileClasspath,testRuntimeClasspath
com.fasterxml.jackson.datatype:jackson-datatype-jsr310:2.14.3=compileClasspath,runtimeClasspath,testCompileClasspath,testRuntimeClasspath
com.fasterxml.jackson.module:jackson-module-parameter-names:2.14.3=compileClasspath,runtimeClasspath,testCompileClasspath,testRuntimeClasspath
com.fasterxml.jackson:jackson-bom:2.14.3=compileClasspath,runtimeClasspath,testCompileClasspath,testRuntimeClasspath
com.fasterxml.woodstox:woodstox-core:6.2.1=compileClasspath,runtimeClasspath,testCompileClasspath,testRuntimeClasspath
com.fasterxml:classmate:1.5.1=runtimeClasspath,testRuntimeClasspath
com.github.ben-manes.caffeine:caffeine:3.1.2=compileClasspath,runtimeClasspath,testCompileClasspath,testRuntimeClasspath
com.github.curious-odd-man:rgxgen:1.4=compileClasspath,runtimeClasspath,testCompileClasspath,testRuntimeClasspath
com.github.java-json-tools:btf:1.3=compileClasspath,runtimeClasspath,testCompileClasspath,testRuntimeClasspath
com.github.java-json-tools:jackson-coreutils-equivalence:1.0=compileClasspath,runtimeClasspath,testCompileClasspath,testRuntimeClasspath
com.github.java-json-tools:jackson-coreutils:2.0=compileClasspath,runtimeClasspath,testCompileClasspath,testRuntimeClasspath
com.github.java-json-tools:json-patch:1.13=compileClasspath,runtimeClasspath,testCompileClasspath,testRuntimeClasspath
com.github.java-json-tools:json-schema-core:1.2.14=compileClasspath,runtimeClasspath,testCompileClasspath,testRuntimeClasspath
com.github.java-json-tools:json-schema-validator:2.2.14=compileClasspath,runtimeClasspath,testCompileClasspath,testRuntimeClasspath
com.github.java-json-tools:msg-simple:1.2=compileClasspath,runtimeClasspath,testCompileClasspath,testRuntimeClasspath
com.github.java-json-tools:uri-template:0.10=compileClasspath,runtimeClasspath,testCompileClasspath,testRuntimeClasspath
com.github.jknack:handlebars-jackson2:4.2.1=compileClasspath,runtimeClasspath,testCompileClasspath,testRuntimeClasspath
com.github.jknack:handlebars:4.2.1=compileClasspath,runtimeClasspath,testCompileClasspath,testRuntimeClasspath
com.github.joschi.jackson:jackson-datatype-threetenbp:2.12.5=compileClasspath,runtimeClasspath,testCompileClasspath,testRuntimeClasspath
com.github.mifmif:generex:1.0.2=compileClasspath,runtimeClasspath,testCompileClasspath,testRuntimeClasspath
com.google.code.findbugs:jsr305:3.0.2=compileClasspath,runtimeClasspath,testCompileClasspath,testRuntimeClasspath
com.google.code.gson:gson:2.9.1=runtimeClasspath,testRuntimeClasspath
com.google.errorprone:error_prone_annotations:2.16=compileClasspath,runtimeClasspath,testCompileClasspath,testRuntimeClasspath
com.google.guava:failureaccess:1.0.1=compileClasspath,runtimeClasspath,testCompileClasspath,testRuntimeClasspath
com.google.guava:guava:31.1-jre=compileClasspath,runtimeClasspath,testCompileClasspath,testRuntimeClasspath
com.google.guava:listenablefuture:9999.0-empty-to-avoid-conflict-with-guava=compileClasspath,runtimeClasspath,testCompileClasspath,testRuntimeClasspath
com.google.j2objc:j2objc-annotations:1.3=compileClasspath,runtimeClasspath,testCompileClasspath,testRuntimeClasspath
com.googlecode.libphonenumber:libphonenumber:8.11.1=compileClasspath,runtimeClasspath,testCompileClasspath,testRuntimeClasspath
com.jayway.jsonpath:json-path:2.7.0=testCompileClasspath,testRuntimeClasspath
com.netflix.eureka:eureka-client:2.0.0=compileClasspath,runtimeClasspath,testCompileClasspath,testRuntimeClasspath
com.netflix.eureka:eureka-core:2.0.0=compileClasspath,runtimeClasspath,testCompileClasspath,testRuntimeClasspath
com.netflix.netflix-commons:netflix-eventbus:0.3.0=compileClasspath,runtimeClasspath,testCompileClasspath,testRuntimeClasspath
com.netflix.netflix-commons:netflix-infix:0.3.0=runtimeClasspath,testRuntimeClasspath
com.netflix.servo:servo-core:0.12.21=compileClasspath,runtimeClasspath,testCompileClasspath,testRuntimeClasspath
com.opencsv:opencsv:5.8=compileClasspath,runtimeClasspath,testCompileClasspath,testRuntimeClasspath
com.samskivert:jmustache:1.15=compileClasspath,runtimeClasspath,testCompileClasspath,testRuntimeClasspath
com.stoyanr:evictor:1.0.0=compileClasspath,runtimeClasspath,testCompileClasspath,testRuntimeClasspath
com.sun.istack:istack-commons-runtime:4.1.1=runtimeClasspath,testRuntimeClasspath
com.sun.mail:mailapi:1.6.2=compileClasspath,runtimeClasspath,testCompileClasspath,testRuntimeClasspath
com.thoughtworks.xstream:xstream:1.4.19=compileClasspath,runtimeClasspath,testCompileClasspath,testRuntimeClasspath
com.vaadin.external.google:android-json:0.0.20131108.vaadin1=testCompileClasspath,testRuntimeClasspath
com.zaxxer:HikariCP:5.0.1=compileClasspath,runtimeClasspath,testCompileClasspath,testRuntimeClasspath
commons-cli:commons-cli:1.5.0=compileClasspath,runtimeClasspath,testCompileClasspath,testRuntimeClasspath
commons-codec:commons-codec:1.15=compileClasspath,runtimeClasspath,testCompileClasspath,testRuntimeClasspath
commons-configuration:commons-configuration:1.10=compileClasspath,runtimeClasspath,testCompileClasspath,testRuntimeClasspath
commons-io:commons-io:2.11.0=compileClasspath,runtimeClasspath,testCompileClasspath,testRuntimeClasspath
commons-jxpath:commons-jxpath:1.3=runtimeClasspath,testRuntimeClasspath
commons-lang:commons-lang:2.6=compileClasspath,runtimeClasspath,testCompileClasspath,testRuntimeClasspath
dk.brics.automaton:automaton:1.11-8=compileClasspath,runtimeClasspath,testCompileClasspath,testRuntimeClasspath
io.github.x-stream:mxparser:1.2.2=compileClasspath,runtimeClasspath,testCompileClasspath,testRuntimeClasspath
io.micrometer:micrometer-commons:1.10.7=compileClasspath,runtimeClasspath,testCompileClasspath,testRuntimeClasspath
io.micrometer:micrometer-observation:1.10.7=compileClasspath,runtimeClasspath,testCompileClasspath,testRuntimeClasspath
io.projectreactor.addons:reactor-extra:3.5.1=compileClasspath,runtimeClasspath,testCompileClasspath,testRuntimeClasspath
io.projectreactor:reactor-core:3.5.6=compileClasspath,runtimeClasspath,testCompileClasspath,testRuntimeClasspath
io.smallrye:jandex:3.1.2=runtimeClasspath,testRuntimeClasspath
io.swagger.core.v3:swagger-annotations:2.2.9=compileClasspath,runtimeClasspath,testCompileClasspath,testRuntimeClasspath
io.swagger.core.v3:swagger-core:2.2.9=compileClasspath,runtimeClasspath,testCompileClasspath,testRuntimeClasspath
io.swagger.core.v3:swagger-models:2.2.9=compileClasspath,runtimeClasspath,testCompileClasspath,testRuntimeClasspath
io.swagger.parser.v3:swagger-parser-core:2.1.6=compileClasspath,runtimeClasspath,testCompileClasspath,testRuntimeClasspath
io.swagger.parser.v3:swagger-parser-v2-converter:2.1.6=compileClasspath,runtimeClasspath,testCompileClasspath,testRuntimeClasspath
io.swagger.parser.v3:swagger-parser-v3:2.1.6=compileClasspath,runtimeClasspath,testCompileClasspath,testRuntimeClasspath
io.swagger.parser.v3:swagger-parser:2.1.6=compileClasspath,runtimeClasspath,testCompileClasspath,testRuntimeClasspath
io.swagger:swagger-annotations:1.6.8=compileClasspath,runtimeClasspath,testCompileClasspath,testRuntimeClasspath
io.swagger:swagger-compat-spec-parser:1.0.63=compileClasspath,runtimeClasspath,testCompileClasspath,testRuntimeClasspath
io.swagger:swagger-core:1.6.8=compileClasspath,runtimeClasspath,testCompileClasspath,testRuntimeClasspath
io.swagger:swagger-models:1.6.8=compileClasspath,runtimeClasspath,testCompileClasspath,testRuntimeClasspath
io.swagger:swagger-parser:1.0.63=compileClasspath,runtimeClasspath,testCompileClasspath,testRuntimeClasspath
jakarta.activation:jakarta.activation-api:2.1.0=compileClasspath,testCompileClasspath
jakarta.activation:jakarta.activation-api:2.1.1=runtimeClasspath,testRuntimeClasspath
jakarta.annotation:jakarta.annotation-api:2.1.1=compileClasspath,runtimeClasspath,testCompileClasspath,testRuntimeClasspath
jakarta.inject:jakarta.inject-api:2.0.1=compileClasspath,runtimeClasspath,testCompileClasspath,testRuntimeClasspath
jakarta.persistence:jakarta.persistence-api:3.1.0=compileClasspath,runtimeClasspath,testCompileClasspath,testRuntimeClasspath
jakarta.servlet:jakarta.servlet-api:6.0.0=compileClasspath,runtimeClasspath,testCompileClasspath,testRuntimeClasspath
jakarta.transaction:jakarta.transaction-api:2.0.1=compileClasspath,runtimeClasspath,testCompileClasspath,testRuntimeClasspath
jakarta.validation:jakarta.validation-api:3.0.2=compileClasspath,runtimeClasspath,testCompileClasspath,testRuntimeClasspath
jakarta.ws.rs:jakarta.ws.rs-api:3.1.0=compileClasspath,runtimeClasspath,testCompileClasspath,testRuntimeClasspath
jakarta.xml.bind:jakarta.xml.bind-api:4.0.0=compileClasspath,runtimeClasspath,testCompileClasspath,testRuntimeClasspath
javax.annotation:javax.annotation-api:1.3.2=compileClasspath,runtimeClasspath,testCompileClasspath,testRuntimeClasspath
javax.cache:cache-api:1.1.1=compileClasspath,runtimeClasspath,testCompileClasspath,testRuntimeClasspath
javax.persistence:javax.persistence-api:2.2=compileClasspath,runtimeClasspath,testCompileClasspath,testRuntimeClasspath
javax.validation:validation-api:1.1.0.Final=compileClasspath,runtimeClasspath,testCompileClasspath,testRuntimeClasspath
javax.xml.bind:jaxb-api:2.3.1=compileClasspath,runtimeClasspath,testCompileClasspath,testRuntimeClasspath
joda-time:joda-time:2.10.8=compileClasspath,runtimeClasspath,testCompileClasspath,testRuntimeClasspath
net.bytebuddy:byte-buddy-agent:1.12.20=testCompileClasspath,testRuntimeClasspath
net.bytebuddy:byte-buddy:1.12.20=testCompileClasspath
net.bytebuddy:byte-buddy:1.14.11=runtimeClasspath,testRuntimeClasspath
net.java.dev.jna:jna:5.12.1=compileClasspath,runtimeClasspath,testCompileClasspath,testRuntimeClasspath
net.minidev:accessors-smart:2.4.8=testCompileClasspath,testRuntimeClasspath
net.minidev:json-smart:2.4.8=testCompileClasspath,testRuntimeClasspath
net.sf.jopt-simple:jopt-simple:5.0.4=compileClasspath,runtimeClasspath,testCompileClasspath,testRuntimeClasspath
org.antlr:antlr-runtime:3.4=runtimeClasspath,testRuntimeClasspath
org.antlr:antlr4-runtime:4.13.0=runtimeClasspath,testRuntimeClasspath
org.antlr:stringtemplate:3.2.1=runtimeClasspath,testRuntimeClasspath
org.apache.commons:commons-collections4:4.4=compileClasspath,runtimeClasspath,testCompileClasspath,testRuntimeClasspath
org.apache.commons:commons-lang3:3.12.0=compileClasspath,runtimeClasspath,testCompileClasspath,testRuntimeClasspath
org.apache.commons:commons-math:2.2=runtimeClasspath,testRuntimeClasspath
org.apache.commons:commons-text:1.10.0=compileClasspath,runtimeClasspath,testCompileClasspath,testRuntimeClasspath
org.apache.httpcomponents.client5:httpclient5:5.1.4=compileClasspath,runtimeClasspath,testCompileClasspath,testRuntimeClasspath
org.apache.httpcomponents.core5:httpcore5-h2:5.1.5=compileClasspath,runtimeClasspath,testCompileClasspath,testRuntimeClasspath
org.apache.httpcomponents.core5:httpcore5:5.1.5=compileClasspath,runtimeClasspath,testCompileClasspath,testRuntimeClasspath
org.apache.httpcomponents:httpclient:4.5.14=compileClasspath,runtimeClasspath,testCompileClasspath,testRuntimeClasspath
org.apache.httpcomponents:httpcore:4.4.16=compileClasspath,runtimeClasspath,testCompileClasspath,testRuntimeClasspath
org.apache.logging.log4j:log4j-api:2.19.0=compileClasspath,runtimeClasspath,testCompileClasspath,testRuntimeClasspath
org.apache.logging.log4j:log4j-core:2.19.0=compileClasspath,runtimeClasspath,testCompileClasspath,testRuntimeClasspath
org.apache.logging.log4j:log4j-jul:2.19.0=compileClasspath,runtimeClasspath,testCompileClasspath,testRuntimeClasspath
org.apache.logging.log4j:log4j-slf4j2-impl:2.19.0=compileClasspath,runtimeClasspath,testCompileClasspath,testRuntimeClasspath
org.apache.tomcat.embed:tomcat-embed-core:10.1.4=compileClasspath,runtimeClasspath,testCompileClasspath,testRuntimeClasspath
org.apache.tomcat.embed:tomcat-embed-el:10.1.4=compileClasspath,runtimeClasspath,testCompileClasspath,testRuntimeClasspath
org.apache.tomcat.embed:tomcat-embed-websocket:10.1.4=compileClasspath,runtimeClasspath,testCompileClasspath,testRuntimeClasspath
org.apiguardian:apiguardian-api:1.1.2=testCompileClasspath
org.aspectj:aspectjweaver:1.9.19=compileClasspath,runtimeClasspath,testCompileClasspath,testRuntimeClasspath
org.assertj:assertj-core:3.23.1=testCompileClasspath,testRuntimeClasspath
org.bouncycastle:bcpkix-jdk15on:1.69=compileClasspath,runtimeClasspath,testCompileClasspath,testRuntimeClasspath
org.bouncycastle:bcprov-jdk15on:1.70=compileClasspath,runtimeClasspath,testCompileClasspath,testRuntimeClasspath
org.bouncycastle:bcutil-jdk15on:1.69=compileClasspath,runtimeClasspath,testCompileClasspath,testRuntimeClasspath
org.checkerframework:checker-qual:3.27.0=compileClasspath,runtimeClasspath,testCompileClasspath,testRuntimeClasspath
org.codehaus.jettison:jettison:1.4.0=runtimeClasspath,testRuntimeClasspath
org.codehaus.woodstox:stax2-api:4.2.1=compileClasspath,runtimeClasspath,testCompileClasspath,testRuntimeClasspath
org.commonmark:commonmark:0.21.0=compileClasspath,runtimeClasspath,testCompileClasspath,testRuntimeClasspath
org.eclipse.angus:angus-activation:2.0.0=runtimeClasspath,testRuntimeClasspath
org.ehcache:ehcache:3.10.8=compileClasspath,runtimeClasspath,testCompileClasspath,testRuntimeClasspath
org.glassfish.jaxb:jaxb-core:4.0.2=runtimeClasspath,testRuntimeClasspath
org.glassfish.jaxb:jaxb-runtime:4.0.2=runtimeClasspath,testRuntimeClasspath
org.glassfish.jaxb:txw2:4.0.2=runtimeClasspath,testRuntimeClasspath
org.hamcrest:hamcrest:2.2=testCompileClasspath,testRuntimeClasspath
org.hibernate.common:hibernate-commons-annotations:6.0.6.Final=runtimeClasspath,testRuntimeClasspath
org.hibernate.orm:hibernate-core:6.4.4.Final=compileClasspath,runtimeClasspath,testCompileClasspath,testRuntimeClasspath
org.hibernate.orm:hibernate-jcache:6.4.4.Final=compileClasspath,runtimeClasspath,testCompileClasspath,testRuntimeClasspath
org.jboss.logging:jboss-logging:3.5.0.Final=runtimeClasspath,testRuntimeClasspath
org.jetbrains.kotlin:kotlin-bom:1.7.21=runtimeClasspath,testRuntimeClasspath
org.junit.jupiter:junit-jupiter-api:5.9.1=testCompileClasspath,testRuntimeClasspath
org.junit.jupiter:junit-jupiter-engine:5.9.1=testRuntimeClasspath
org.junit.jupiter:junit-jupiter-params:5.9.1=testCompileClasspath,testRuntimeClasspath
org.junit.jupiter:junit-jupiter:5.9.1=testCompileClasspath,testRuntimeClasspath
org.junit.platform:junit-platform-commons:1.9.1=testCompileClasspath,testRuntimeClasspath
org.junit.platform:junit-platform-engine:1.9.1=testRuntimeClasspath
org.junit.platform:junit-platform-launcher:1.9.1=testRuntimeClasspath
org.junit:junit-bom:5.9.1=runtimeClasspath,testCompileClasspath,testRuntimeClasspath
org.liquibase:liquibase-core:4.24.0=compileClasspath,runtimeClasspath,testCompileClasspath,testRuntimeClasspath
org.mapstruct:mapstruct-processor:1.5.3.Final=annotationProcessor,compileClasspath
org.mapstruct:mapstruct:1.5.3.Final=compileClasspath,runtimeClasspath,testCompileClasspath,testRuntimeClasspath
org.mockito:mockito-core:4.8.1=testCompileClasspath,testRuntimeClasspath
org.mockito:mockito-junit-jupiter:4.8.1=testCompileClasspath,testRuntimeClasspath
org.mozilla:rhino:1.7.7.2=compileClasspath,runtimeClasspath,testCompileClasspath,testRuntimeClasspath
org.objenesis:objenesis:3.2=testRuntimeClasspath
org.openapitools:jackson-databind-nullable:0.2.6=compileClasspath,runtimeClasspath,testCompileClasspath,testRuntimeClasspath
org.openapitools:openapi-generator-core:6.6.0=compileClasspath,runtimeClasspath,testCompileClasspath,testRuntimeClasspath
org.openapitools:openapi-generator:6.6.0=compileClasspath,runtimeClasspath,testCompileClasspath,testRuntimeClasspath
org.opentest4j:opentest4j:1.2.0=testCompileClasspath,testRuntimeClasspath
org.ow2.asm:asm-bom:9.4=runtimeClasspath,testRuntimeClasspath
org.ow2.asm:asm:9.1=testCompileClasspath
org.ow2.asm:asm:9.4=testRuntimeClasspath
org.postgresql:postgresql:42.5.1=compileClasspath,runtimeClasspath,testCompileClasspath,testRuntimeClasspath
org.projectlombok:lombok:1.18.24=annotationProcessor,compileClasspath
org.reactivestreams:reactive-streams:1.0.4=compileClasspath,runtimeClasspath,testCompileClasspath,testRuntimeClasspath
org.skyscreamer:jsonassert:1.5.1=testCompileClasspath,testRuntimeClasspath
org.slf4j:slf4j-api:2.0.6=compileClasspath,runtimeClasspath,testCompileClasspath,testRuntimeClasspath
org.slf4j:slf4j-ext:2.0.6=compileClasspath,runtimeClasspath,testCompileClasspath,testRuntimeClasspath
org.springdoc:springdoc-openapi-common:1.7.0=compileClasspath,runtimeClasspath,testCompileClasspath,testRuntimeClasspath
org.springdoc:springdoc-openapi-ui:1.7.0=compileClasspath,runtimeClasspath,testCompileClasspath,testRuntimeClasspath
org.springdoc:springdoc-openapi-webmvc-core:1.7.0=compileClasspath,runtimeClasspath,testCompileClasspath,testRuntimeClasspath
org.springframework.boot:spring-boot-autoconfigure:3.0.7=compileClasspath,runtimeClasspath,testCompileClasspath,testRuntimeClasspath
org.springframework.boot:spring-boot-configuration-processor:3.0.1=annotationProcessor,compileClasspath
org.springframework.boot:spring-boot-dependencies:3.0.1=compileClasspath,runtimeClasspath,testCompileClasspath,testRuntimeClasspath
org.springframework.boot:spring-boot-starter-aop:3.0.1=compileClasspath,runtimeClasspath,testCompileClasspath,testRuntimeClasspath
org.springframework.boot:spring-boot-starter-cache:3.0.7=compileClasspath,runtimeClasspath,testCompileClasspath,testRuntimeClasspath
org.springframework.boot:spring-boot-starter-data-jpa:3.0.1=compileClasspath,runtimeClasspath,testCompileClasspath,testRuntimeClasspath
org.springframework.boot:spring-boot-starter-jdbc:3.0.1=compileClasspath,runtimeClasspath,testCompileClasspath,testRuntimeClasspath
org.springframework.boot:spring-boot-starter-json:3.0.1=compileClasspath,runtimeClasspath,testCompileClasspath,testRuntimeClasspath
org.springframework.boot:spring-boot-starter-log4j2:3.0.1=compileClasspath,runtimeClasspath,testCompileClasspath,testRuntimeClasspath
org.springframework.boot:spring-boot-starter-test:3.0.1=testCompileClasspath,testRuntimeClasspath
org.springframework.boot:spring-boot-starter-tomcat:3.0.1=compileClasspath,runtimeClasspath,testCompileClasspath,testRuntimeClasspath
org.springframework.boot:spring-boot-starter-web:3.0.1=compileClasspath,runtimeClasspath,testCompileClasspath,testRuntimeClasspath
org.springframework.boot:spring-boot-starter:3.0.7=compileClasspath,runtimeClasspath,testCompileClasspath,testRuntimeClasspath
org.springframework.boot:spring-boot-test-autoconfigure:3.0.1=testCompileClasspath,testRuntimeClasspath
org.springframework.boot:spring-boot-test:3.0.1=testCompileClasspath,testRuntimeClasspath
org.springframework.boot:spring-boot:3.0.7=compileClasspath,runtimeClasspath,testCompileClasspath,testRuntimeClasspath
org.springframework.cloud:spring-cloud-commons:4.0.3=compileClasspath,runtimeClasspath,testCompileClasspath,testRuntimeClasspath
org.springframework.cloud:spring-cloud-config-client:4.0.3=compileClasspath,runtimeClasspath,testCompileClasspath,testRuntimeClasspath
org.springframework.cloud:spring-cloud-context:4.0.3=compileClasspath,runtimeClasspath,testCompileClasspath,testRuntimeClasspath
org.springframework.cloud:spring-cloud-dependencies:2022.0.3=compileClasspath,runtimeClasspath,testCompileClasspath,testRuntimeClasspath
org.springframework.cloud:spring-cloud-loadbalancer:4.0.3=compileClasspath,runtimeClasspath,testCompileClasspath,testRuntimeClasspath
org.springframework.cloud:spring-cloud-netflix-eureka-client:4.0.2=compileClasspath,runtimeClasspath,testCompileClasspath,testRuntimeClasspath
org.springframework.cloud:spring-cloud-starter-bootstrap:4.0.3=compileClasspath,runtimeClasspath,testCompileClasspath,testRuntimeClasspath
org.springframework.cloud:spring-cloud-starter-config:4.0.3=compileClasspath,runtimeClasspath,testCompileClasspath,testRuntimeClasspath
org.springframework.cloud:spring-cloud-starter-loadbalancer:4.0.3=compileClasspath,runtimeClasspath,testCompileClasspath,testRuntimeClasspath
org.springframework.cloud:spring-cloud-starter-netflix-eureka-client:4.0.2=compileClasspath,runtimeClasspath,testCompileClasspath,testRuntimeClasspath
org.springframework.cloud:spring-cloud-starter:4.0.3=compileClasspath,runtimeClasspath,testCompileClasspath,testRuntimeClasspath
org.springframework.data:spring-data-commons:3.0.0=compileClasspath,runtimeClasspath,testCompileClasspath,testRuntimeClasspath
org.springframework.data:spring-data-jpa:3.0.0=compileClasspath,runtimeClasspath,testCompileClasspath,testRuntimeClasspath
org.springframework.security:spring-security-crypto:6.0.3=compileClasspath,runtimeClasspath,testCompileClasspath,testRuntimeClasspath
org.springframework.security:spring-security-rsa:1.0.11.RELEASE=compileClasspath,runtimeClasspath,testCompileClasspath,testRuntimeClasspath
org.springframework:spring-aop:6.0.9=compileClasspath,runtimeClasspath,testCompileClasspath,testRuntimeClasspath
org.springframework:spring-aspects:6.0.3=compileClasspath,runtimeClasspath,testCompileClasspath,testRuntimeClasspath
org.springframework:spring-beans:6.0.9=compileClasspath,runtimeClasspath,testCompileClasspath,testRuntimeClasspath
org.springframework:spring-context-support:6.0.9=compileClasspath,runtimeClasspath,testCompileClasspath,testRuntimeClasspath
org.springframework:spring-context:6.0.9=compileClasspath,runtimeClasspath,testCompileClasspath,testRuntimeClasspath
org.springframework:spring-core:6.0.9=compileClasspath,runtimeClasspath,testCompileClasspath,testRuntimeClasspath
org.springframework:spring-expression:6.0.9=compileClasspath,runtimeClasspath,testCompileClasspath,testRuntimeClasspath
org.springframework:spring-jcl:6.0.9=compileClasspath,runtimeClasspath,testCompileClasspath,testRuntimeClasspath
org.springframework:spring-jdbc:6.0.3=compileClasspath,runtimeClasspath,testCompileClasspath,testRuntimeClasspath
org.springframework:spring-orm:6.0.3=compileClasspath,runtimeClasspath,testCompileClasspath,testRuntimeClasspath
org.springframework:spring-test:6.0.3=testCompileClasspath,testRuntimeClasspath
org.springframework:spring-tx:6.0.3=compileClasspath,runtimeClasspath,testCompileClasspath,testRuntimeClasspath
org.springframework:spring-web:6.0.9=compileClasspath,runtimeClasspath,testCompileClasspath,testRuntimeClasspath
org.springframework:spring-webmvc:6.0.3=compileClasspath,runtimeClasspath,testCompileClasspath,testRuntimeClasspath
org.threeten:threetenbp:1.5.1=compileClasspath,runtimeClasspath,testCompileClasspath,testRuntimeClasspath
org.webjars:swagger-ui:4.18.2=compileClasspath,runtimeClasspath,testCompileClasspath,testRuntimeClasspath
org.xmlunit:xmlunit-core:2.9.0=testCompileClasspath,testRuntimeClasspath
org.yaml:snakeyaml:2.2=compileClasspath,runtimeClasspath,testCompileClasspath,testRuntimeClasspath
xmlpull:xmlpull:1.1.3.1=compileClasspath,runtimeClasspath,testCompileClasspath,testRuntimeClasspath
empty=testAnnotationProcessor
